// !$*UTF8*$!
{
	archiveVersion = 1;
	classes = {
	};
	objectVersion = 52;
	objects = {

/* Begin PBXBuildFile section */
		20880AAB2438F3EA007A4BDE /* AppDelegate.swift in Sources */ = {isa = PBXBuildFile; fileRef = 20880AAA2438F3EA007A4BDE /* AppDelegate.swift */; };
		20880AAD2438F3EA007A4BDE /* ViewController.swift in Sources */ = {isa = PBXBuildFile; fileRef = 20880AAC2438F3EA007A4BDE /* ViewController.swift */; };
		20880AAF2438F3EB007A4BDE /* Assets.xcassets in Resources */ = {isa = PBXBuildFile; fileRef = 20880AAE2438F3EB007A4BDE /* Assets.xcassets */; };
		20880AB22438F3EB007A4BDE /* Main.storyboard in Resources */ = {isa = PBXBuildFile; fileRef = 20880AB02438F3EB007A4BDE /* Main.storyboard */; };
		20880ABD24390542007A4BDE /* EventMonitor.swift in Sources */ = {isa = PBXBuildFile; fileRef = 20880ABC24390542007A4BDE /* EventMonitor.swift */; };
		20880ABF24390B19007A4BDE /* Notes.swift in Sources */ = {isa = PBXBuildFile; fileRef = 20880ABE24390B19007A4BDE /* Notes.swift */; };
		20880AC1243915F7007A4BDE /* PlaceholderTextView.swift in Sources */ = {isa = PBXBuildFile; fileRef = 20880AC0243915F7007A4BDE /* PlaceholderTextView.swift */; };
		20880AC4243950A0007A4BDE /* Down in Frameworks */ = {isa = PBXBuildFile; productRef = 20880AC3243950A0007A4BDE /* Down */; };
/* End PBXBuildFile section */

/* Begin PBXFileReference section */
		20880AA72438F3EA007A4BDE /* QuickNote.app */ = {isa = PBXFileReference; explicitFileType = wrapper.application; includeInIndex = 0; path = QuickNote.app; sourceTree = BUILT_PRODUCTS_DIR; };
		20880AAA2438F3EA007A4BDE /* AppDelegate.swift */ = {isa = PBXFileReference; lastKnownFileType = sourcecode.swift; path = AppDelegate.swift; sourceTree = "<group>"; };
		20880AAC2438F3EA007A4BDE /* ViewController.swift */ = {isa = PBXFileReference; lastKnownFileType = sourcecode.swift; path = ViewController.swift; sourceTree = "<group>"; };
		20880AAE2438F3EB007A4BDE /* Assets.xcassets */ = {isa = PBXFileReference; lastKnownFileType = folder.assetcatalog; path = Assets.xcassets; sourceTree = "<group>"; };
		20880AB12438F3EB007A4BDE /* Base */ = {isa = PBXFileReference; lastKnownFileType = file.storyboard; name = Base; path = Base.lproj/Main.storyboard; sourceTree = "<group>"; };
		20880AB32438F3EB007A4BDE /* Info.plist */ = {isa = PBXFileReference; lastKnownFileType = text.plist.xml; path = Info.plist; sourceTree = "<group>"; };
		20880AB42438F3EB007A4BDE /* QuickNote.entitlements */ = {isa = PBXFileReference; lastKnownFileType = text.plist.entitlements; path = QuickNote.entitlements; sourceTree = "<group>"; };
		20880ABC24390542007A4BDE /* EventMonitor.swift */ = {isa = PBXFileReference; lastKnownFileType = sourcecode.swift; path = EventMonitor.swift; sourceTree = "<group>"; };
		20880ABE24390B19007A4BDE /* Notes.swift */ = {isa = PBXFileReference; lastKnownFileType = sourcecode.swift; path = Notes.swift; sourceTree = "<group>"; };
		20880AC0243915F7007A4BDE /* PlaceholderTextView.swift */ = {isa = PBXFileReference; lastKnownFileType = sourcecode.swift; path = PlaceholderTextView.swift; sourceTree = "<group>"; };
/* End PBXFileReference section */

/* Begin PBXFrameworksBuildPhase section */
		20880AA42438F3EA007A4BDE /* Frameworks */ = {
			isa = PBXFrameworksBuildPhase;
			buildActionMask = 2147483647;
			files = (
				20880AC4243950A0007A4BDE /* Down in Frameworks */,
			);
			runOnlyForDeploymentPostprocessing = 0;
		};
/* End PBXFrameworksBuildPhase section */

/* Begin PBXGroup section */
		20880A9E2438F3EA007A4BDE = {
			isa = PBXGroup;
			children = (
				20880AA92438F3EA007A4BDE /* QuickNote */,
				20880AA82438F3EA007A4BDE /* Products */,
			);
			sourceTree = "<group>";
		};
		20880AA82438F3EA007A4BDE /* Products */ = {
			isa = PBXGroup;
			children = (
				20880AA72438F3EA007A4BDE /* QuickNote.app */,
			);
			name = Products;
			sourceTree = "<group>";
		};
		20880AA92438F3EA007A4BDE /* QuickNote */ = {
			isa = PBXGroup;
			children = (
				20880AAA2438F3EA007A4BDE /* AppDelegate.swift */,
				20880AAC2438F3EA007A4BDE /* ViewController.swift */,
				20880AC0243915F7007A4BDE /* PlaceholderTextView.swift */,
				20880ABE24390B19007A4BDE /* Notes.swift */,
				20880AAE2438F3EB007A4BDE /* Assets.xcassets */,
				20880AB02438F3EB007A4BDE /* Main.storyboard */,
				20880AB32438F3EB007A4BDE /* Info.plist */,
				20880AB42438F3EB007A4BDE /* QuickNote.entitlements */,
				20880ABC24390542007A4BDE /* EventMonitor.swift */,
			);
			path = QuickNote;
			sourceTree = "<group>";
		};
/* End PBXGroup section */

/* Begin PBXNativeTarget section */
		20880AA62438F3EA007A4BDE /* QuickNote */ = {
			isa = PBXNativeTarget;
			buildConfigurationList = 20880AB72438F3EB007A4BDE /* Build configuration list for PBXNativeTarget "QuickNote" */;
			buildPhases = (
				20880AA32438F3EA007A4BDE /* Sources */,
				20880AA42438F3EA007A4BDE /* Frameworks */,
				20880AA52438F3EA007A4BDE /* Resources */,
			);
			buildRules = (
			);
			dependencies = (
			);
			name = QuickNote;
			packageProductDependencies = (
				20880AC3243950A0007A4BDE /* Down */,
			);
			productName = QuickNote;
			productReference = 20880AA72438F3EA007A4BDE /* QuickNote.app */;
			productType = "com.apple.product-type.application";
		};
/* End PBXNativeTarget section */

/* Begin PBXProject section */
		20880A9F2438F3EA007A4BDE /* Project object */ = {
			isa = PBXProject;
			attributes = {
				LastSwiftUpdateCheck = 1130;
				LastUpgradeCheck = 1130;
				ORGANIZATIONNAME = "Ritam Sarmah";
				TargetAttributes = {
					20880AA62438F3EA007A4BDE = {
						CreatedOnToolsVersion = 11.3.1;
					};
				};
			};
			buildConfigurationList = 20880AA22438F3EA007A4BDE /* Build configuration list for PBXProject "QuickNote" */;
			compatibilityVersion = "Xcode 9.3";
			developmentRegion = en;
			hasScannedForEncodings = 0;
			knownRegions = (
				en,
				Base,
			);
			mainGroup = 20880A9E2438F3EA007A4BDE;
			packageReferences = (
				20880AC2243950A0007A4BDE /* XCRemoteSwiftPackageReference "Down" */,
			);
			productRefGroup = 20880AA82438F3EA007A4BDE /* Products */;
			projectDirPath = "";
			projectRoot = "";
			targets = (
				20880AA62438F3EA007A4BDE /* QuickNote */,
			);
		};
/* End PBXProject section */

/* Begin PBXResourcesBuildPhase section */
		20880AA52438F3EA007A4BDE /* Resources */ = {
			isa = PBXResourcesBuildPhase;
			buildActionMask = 2147483647;
			files = (
				20880AAF2438F3EB007A4BDE /* Assets.xcassets in Resources */,
				20880AB22438F3EB007A4BDE /* Main.storyboard in Resources */,
			);
			runOnlyForDeploymentPostprocessing = 0;
		};
/* End PBXResourcesBuildPhase section */

/* Begin PBXSourcesBuildPhase section */
		20880AA32438F3EA007A4BDE /* Sources */ = {
			isa = PBXSourcesBuildPhase;
			buildActionMask = 2147483647;
			files = (
				20880ABD24390542007A4BDE /* EventMonitor.swift in Sources */,
				20880AAD2438F3EA007A4BDE /* ViewController.swift in Sources */,
				20880AAB2438F3EA007A4BDE /* AppDelegate.swift in Sources */,
				20880ABF24390B19007A4BDE /* Notes.swift in Sources */,
				20880AC1243915F7007A4BDE /* PlaceholderTextView.swift in Sources */,
			);
			runOnlyForDeploymentPostprocessing = 0;
		};
/* End PBXSourcesBuildPhase section */

/* Begin PBXVariantGroup section */
		20880AB02438F3EB007A4BDE /* Main.storyboard */ = {
			isa = PBXVariantGroup;
			children = (
				20880AB12438F3EB007A4BDE /* Base */,
			);
			name = Main.storyboard;
			sourceTree = "<group>";
		};
/* End PBXVariantGroup section */

/* Begin XCBuildConfiguration section */
		20880AB52438F3EB007A4BDE /* Debug */ = {
			isa = XCBuildConfiguration;
			buildSettings = {
				ALWAYS_SEARCH_USER_PATHS = NO;
				CLANG_ANALYZER_NONNULL = YES;
				CLANG_ANALYZER_NUMBER_OBJECT_CONVERSION = YES_AGGRESSIVE;
				CLANG_CXX_LANGUAGE_STANDARD = "gnu++14";
				CLANG_CXX_LIBRARY = "libc++";
				CLANG_ENABLE_MODULES = YES;
				CLANG_ENABLE_OBJC_ARC = YES;
				CLANG_ENABLE_OBJC_WEAK = YES;
				CLANG_WARN_BLOCK_CAPTURE_AUTORELEASING = YES;
				CLANG_WARN_BOOL_CONVERSION = YES;
				CLANG_WARN_COMMA = YES;
				CLANG_WARN_CONSTANT_CONVERSION = YES;
				CLANG_WARN_DEPRECATED_OBJC_IMPLEMENTATIONS = YES;
				CLANG_WARN_DIRECT_OBJC_ISA_USAGE = YES_ERROR;
				CLANG_WARN_DOCUMENTATION_COMMENTS = YES;
				CLANG_WARN_EMPTY_BODY = YES;
				CLANG_WARN_ENUM_CONVERSION = YES;
				CLANG_WARN_INFINITE_RECURSION = YES;
				CLANG_WARN_INT_CONVERSION = YES;
				CLANG_WARN_NON_LITERAL_NULL_CONVERSION = YES;
				CLANG_WARN_OBJC_IMPLICIT_RETAIN_SELF = YES;
				CLANG_WARN_OBJC_LITERAL_CONVERSION = YES;
				CLANG_WARN_OBJC_ROOT_CLASS = YES_ERROR;
				CLANG_WARN_RANGE_LOOP_ANALYSIS = YES;
				CLANG_WARN_STRICT_PROTOTYPES = YES;
				CLANG_WARN_SUSPICIOUS_MOVE = YES;
				CLANG_WARN_UNGUARDED_AVAILABILITY = YES_AGGRESSIVE;
				CLANG_WARN_UNREACHABLE_CODE = YES;
				CLANG_WARN__DUPLICATE_METHOD_MATCH = YES;
				COPY_PHASE_STRIP = NO;
				DEBUG_INFORMATION_FORMAT = dwarf;
				ENABLE_STRICT_OBJC_MSGSEND = YES;
				ENABLE_TESTABILITY = YES;
				GCC_C_LANGUAGE_STANDARD = gnu11;
				GCC_DYNAMIC_NO_PIC = NO;
				GCC_NO_COMMON_BLOCKS = YES;
				GCC_OPTIMIZATION_LEVEL = 0;
				GCC_PREPROCESSOR_DEFINITIONS = (
					"DEBUG=1",
					"$(inherited)",
				);
				GCC_WARN_64_TO_32_BIT_CONVERSION = YES;
				GCC_WARN_ABOUT_RETURN_TYPE = YES_ERROR;
				GCC_WARN_UNDECLARED_SELECTOR = YES;
				GCC_WARN_UNINITIALIZED_AUTOS = YES_AGGRESSIVE;
				GCC_WARN_UNUSED_FUNCTION = YES;
				GCC_WARN_UNUSED_VARIABLE = YES;
				MACOSX_DEPLOYMENT_TARGET = 10.14;
				MTL_ENABLE_DEBUG_INFO = INCLUDE_SOURCE;
				MTL_FAST_MATH = YES;
				ONLY_ACTIVE_ARCH = YES;
				SDKROOT = macosx;
				SWIFT_ACTIVE_COMPILATION_CONDITIONS = DEBUG;
				SWIFT_OPTIMIZATION_LEVEL = "-Onone";
			};
			name = Debug;
		};
		20880AB62438F3EB007A4BDE /* Release */ = {
			isa = XCBuildConfiguration;
			buildSettings = {
				ALWAYS_SEARCH_USER_PATHS = NO;
				CLANG_ANALYZER_NONNULL = YES;
				CLANG_ANALYZER_NUMBER_OBJECT_CONVERSION = YES_AGGRESSIVE;
				CLANG_CXX_LANGUAGE_STANDARD = "gnu++14";
				CLANG_CXX_LIBRARY = "libc++";
				CLANG_ENABLE_MODULES = YES;
				CLANG_ENABLE_OBJC_ARC = YES;
				CLANG_ENABLE_OBJC_WEAK = YES;
				CLANG_WARN_BLOCK_CAPTURE_AUTORELEASING = YES;
				CLANG_WARN_BOOL_CONVERSION = YES;
				CLANG_WARN_COMMA = YES;
				CLANG_WARN_CONSTANT_CONVERSION = YES;
				CLANG_WARN_DEPRECATED_OBJC_IMPLEMENTATIONS = YES;
				CLANG_WARN_DIRECT_OBJC_ISA_USAGE = YES_ERROR;
				CLANG_WARN_DOCUMENTATION_COMMENTS = YES;
				CLANG_WARN_EMPTY_BODY = YES;
				CLANG_WARN_ENUM_CONVERSION = YES;
				CLANG_WARN_INFINITE_RECURSION = YES;
				CLANG_WARN_INT_CONVERSION = YES;
				CLANG_WARN_NON_LITERAL_NULL_CONVERSION = YES;
				CLANG_WARN_OBJC_IMPLICIT_RETAIN_SELF = YES;
				CLANG_WARN_OBJC_LITERAL_CONVERSION = YES;
				CLANG_WARN_OBJC_ROOT_CLASS = YES_ERROR;
				CLANG_WARN_RANGE_LOOP_ANALYSIS = YES;
				CLANG_WARN_STRICT_PROTOTYPES = YES;
				CLANG_WARN_SUSPICIOUS_MOVE = YES;
				CLANG_WARN_UNGUARDED_AVAILABILITY = YES_AGGRESSIVE;
				CLANG_WARN_UNREACHABLE_CODE = YES;
				CLANG_WARN__DUPLICATE_METHOD_MATCH = YES;
				COPY_PHASE_STRIP = NO;
				DEBUG_INFORMATION_FORMAT = "dwarf-with-dsym";
				ENABLE_NS_ASSERTIONS = NO;
				ENABLE_STRICT_OBJC_MSGSEND = YES;
				GCC_C_LANGUAGE_STANDARD = gnu11;
				GCC_NO_COMMON_BLOCKS = YES;
				GCC_WARN_64_TO_32_BIT_CONVERSION = YES;
				GCC_WARN_ABOUT_RETURN_TYPE = YES_ERROR;
				GCC_WARN_UNDECLARED_SELECTOR = YES;
				GCC_WARN_UNINITIALIZED_AUTOS = YES_AGGRESSIVE;
				GCC_WARN_UNUSED_FUNCTION = YES;
				GCC_WARN_UNUSED_VARIABLE = YES;
				MACOSX_DEPLOYMENT_TARGET = 10.14;
				MTL_ENABLE_DEBUG_INFO = NO;
				MTL_FAST_MATH = YES;
				SDKROOT = macosx;
				SWIFT_COMPILATION_MODE = wholemodule;
				SWIFT_OPTIMIZATION_LEVEL = "-O";
			};
			name = Release;
		};
		20880AB82438F3EB007A4BDE /* Debug */ = {
			isa = XCBuildConfiguration;
			buildSettings = {
				ASSETCATALOG_COMPILER_APPICON_NAME = AppIcon;
				CODE_SIGN_ENTITLEMENTS = QuickNote/QuickNote.entitlements;
				CODE_SIGN_STYLE = Automatic;
				COMBINE_HIDPI_IMAGES = YES;
				DEVELOPMENT_TEAM = XXYXWGAW9Y;
				ENABLE_HARDENED_RUNTIME = NO;
				INFOPLIST_FILE = QuickNote/Info.plist;
				LD_RUNPATH_SEARCH_PATHS = (
					"$(inherited)",
					"@executable_path/../Frameworks",
				);
				PRODUCT_BUNDLE_IDENTIFIER = com.ritamsarmah.QuickNote;
				PRODUCT_NAME = "$(TARGET_NAME)";
				SWIFT_VERSION = 5.0;
			};
			name = Debug;
		};
		20880AB92438F3EB007A4BDE /* Release */ = {
			isa = XCBuildConfiguration;
			buildSettings = {
				ASSETCATALOG_COMPILER_APPICON_NAME = AppIcon;
				CODE_SIGN_ENTITLEMENTS = QuickNote/QuickNote.entitlements;
				CODE_SIGN_STYLE = Automatic;
				COMBINE_HIDPI_IMAGES = YES;
				DEVELOPMENT_TEAM = XXYXWGAW9Y;
				ENABLE_HARDENED_RUNTIME = NO;
				INFOPLIST_FILE = QuickNote/Info.plist;
				LD_RUNPATH_SEARCH_PATHS = (
					"$(inherited)",
					"@executable_path/../Frameworks",
				);
				PRODUCT_BUNDLE_IDENTIFIER = com.ritamsarmah.QuickNote;
				PRODUCT_NAME = "$(TARGET_NAME)";
				SWIFT_VERSION = 5.0;
			};
			name = Release;
		};
/* End XCBuildConfiguration section */

/* Begin XCConfigurationList section */
		20880AA22438F3EA007A4BDE /* Build configuration list for PBXProject "QuickNote" */ = {
			isa = XCConfigurationList;
			buildConfigurations = (
				20880AB52438F3EB007A4BDE /* Debug */,
				20880AB62438F3EB007A4BDE /* Release */,
			);
			defaultConfigurationIsVisible = 0;
			defaultConfigurationName = Release;
		};
		20880AB72438F3EB007A4BDE /* Build configuration list for PBXNativeTarget "QuickNote" */ = {
			isa = XCConfigurationList;
			buildConfigurations = (
				20880AB82438F3EB007A4BDE /* Debug */,
				20880AB92438F3EB007A4BDE /* Release */,
			);
			defaultConfigurationIsVisible = 0;
			defaultConfigurationName = Release;
		};
/* End XCConfigurationList section */

/* Begin XCRemoteSwiftPackageReference section */
		20880AC2243950A0007A4BDE /* XCRemoteSwiftPackageReference "Down" */ = {
			isa = XCRemoteSwiftPackageReference;
			repositoryURL = "https://github.com/iwasrobbed/Down";
			requirement = {
				kind = upToNextMajorVersion;
				minimumVersion = 0.9.2;
			};
		};
/* End XCRemoteSwiftPackageReference section */

/* Begin XCSwiftPackageProductDependency section */
		20880AC3243950A0007A4BDE /* Down */ = {
			isa = XCSwiftPackageProductDependency;
			package = 20880AC2243950A0007A4BDE /* XCRemoteSwiftPackageReference "Down" */;
			productName = Down;
		};
/* End XCSwiftPackageProductDependency section */
	};
	rootObject = 20880A9F2438F3EA007A4BDE /* Project object */;
}
